
Microsoft Visual Studio Solution File, Format Version 12.00
# Visual Studio Version 17
VisualStudioVersion = 17.9.34723.18
MinimumVisualStudioVersion = 10.0.40219.1
Project("{9A19103F-16F7-4668-BE54-9A1E7A4F7556}") = "AlfenHub", "AlfenHub\AlfenHub.csproj", "{9A677897-1BDD-49A1-88F8-2E5F49741DC1}"
EndProject
Global
	GlobalSection(SolutionConfigurationPlatforms) = preSolution
		Debug|Any CPU = Debug|Any CPU
		Release|Any CPU = Release|Any CPU
	EndGlobalSection
	GlobalSection(ProjectConfigurationPlatforms) = postSolution
		{9A677897-1BDD-49A1-88F8-2E5F49741DC1}.Debug|Any CPU.ActiveCfg = Debug|Any CPU
		{9A677897-1BDD-49A1-88F8-2E5F49741DC1}.Debug|Any CPU.Build.0 = Debug|Any CPU
		{9A677897-1BDD-49A1-88F8-2E5F49741DC1}.Release|Any CPU.ActiveCfg = Release|Any CPU
		{9A677897-1BDD-49A1-88F8-2E5F49741DC1}.Release|Any CPU.Build.0 = Release|Any CPU
	EndGlobalSection
	GlobalSection(SolutionProperties) = preSolution
		HideSolutionNode = FALSE
	EndGlobalSection
	GlobalSection(ExtensibilityGlobals) = postSolution
		SolutionGuid = {22B8E290-5E0A-47D8-A0A2-09CD97C6B201}
	EndGlobalSection
EndGlobal
